
Microsoft Visual Studio Solution File, Format Version 12.00
# Visual Studio Version 17
VisualStudioVersion = 17.5.33530.505
MinimumVisualStudioVersion = 10.0.40219.1
Project("{FAE04EC0-301F-11D3-BF4B-00C04F79EFBC}") = "Tetris", "Tetris\Tetris.csproj", "{BBF48D16-8633-4FC9-943D-CB0643479C96}"
EndProject
Global
	GlobalSection(SolutionConfigurationPlatforms) = preSolution
		Debug|Any CPU = Debug|Any CPU
		Release|Any CPU = Release|Any CPU
	EndGlobalSection
	GlobalSection(ProjectConfigurationPlatforms) = postSolution
		{BBF48D16-8633-4FC9-943D-CB0643479C96}.Debug|Any CPU.ActiveCfg = Debug|Any CPU
		{BBF48D16-8633-4FC9-943D-CB0643479C96}.Debug|Any CPU.Build.0 = Debug|Any CPU
		{BBF48D16-8633-4FC9-943D-CB0643479C96}.Release|Any CPU.ActiveCfg = Release|Any CPU
		{BBF48D16-8633-4FC9-943D-CB0643479C96}.Release|Any CPU.Build.0 = Release|Any CPU
	EndGlobalSection
	GlobalSection(SolutionProperties) = preSolution
		HideSolutionNode = FALSE
	EndGlobalSection
	GlobalSection(ExtensibilityGlobals) = postSolution
		SolutionGuid = {A6768915-72AF-455C-BBDB-9DE3B7E1853C}
	EndGlobalSection
EndGlobal
